
Microsoft Visual Studio Solution File, Format Version 12.00
# Visual Studio Version 17
VisualStudioVersion = 17.3.32929.385
MinimumVisualStudioVersion = 10.0.40219.1
Project("{FAE04EC0-301F-11D3-BF4B-00C04F79EFBC}") = "JsonCRUDApp", "JsonCRUDApp\JsonCRUDApp.csproj", "{07477EA1-A412-41DC-9514-B77C37FCA5D7}"
EndProject
Global
	GlobalSection(SolutionConfigurationPlatforms) = preSolution
		Debug|Any CPU = Debug|Any CPU
		Release|Any CPU = Release|Any CPU
	EndGlobalSection
	GlobalSection(ProjectConfigurationPlatforms) = postSolution
		{07477EA1-A412-41DC-9514-B77C37FCA5D7}.Debug|Any CPU.ActiveCfg = Debug|Any CPU
		{07477EA1-A412-41DC-9514-B77C37FCA5D7}.Debug|Any CPU.Build.0 = Debug|Any CPU
		{07477EA1-A412-41DC-9514-B77C37FCA5D7}.Release|Any CPU.ActiveCfg = Release|Any CPU
		{07477EA1-A412-41DC-9514-B77C37FCA5D7}.Release|Any CPU.Build.0 = Release|Any CPU
	EndGlobalSection
	GlobalSection(SolutionProperties) = preSolution
		HideSolutionNode = FALSE
	EndGlobalSection
	GlobalSection(ExtensibilityGlobals) = postSolution
		SolutionGuid = {6B07F2B3-BE22-48FE-909F-CB113A817A75}
	EndGlobalSection
EndGlobal
